PODS:
  - LanguageManager-iOS-Lokalise (0.1.4):
    - Lokalise (~> 0.10.2)
  - Lokalise (0.10.2)

DEPENDENCIES:
  - LanguageManager-iOS-Lokalise (from `../`)

SPEC REPOS:
  trunk:
    - Lokalise

EXTERNAL SOURCES:
  LanguageManager-iOS-Lokalise:
    :path: "../"

SPEC CHECKSUMS:
  LanguageManager-iOS-Lokalise: d746ddd88a7bf49a6b3d0d86eede468f20ad71f7
  Lokalise: 252c397887dfd9983331abffa90ab60cdb004e19

PODFILE CHECKSUM: 6f091b1adc87bdbc05939808033f5c19387dd9ce

COCOAPODS: 1.10.0
